// !$*UTF8*$!
{
	archiveVersion = 1;
	classes = {
	};
	objectVersion = 56;
	objects = {

/* Begin PBXBuildFile section */
		2E1CBDCC2B83B9DE00784684 /* ToDoListApp.swift in Sources */ = {isa = PBXBuildFile; fileRef = 2E1CBDCB2B83B9DE00784684 /* ToDoListApp.swift */; };
		2E1CBDCE2B83B9DE00784684 /* MainView.swift in Sources */ = {isa = PBXBuildFile; fileRef = 2E1CBDCD2B83B9DE00784684 /* MainView.swift */; };
		2E1CBDD02B83B9DF00784684 /* Assets.xcassets in Resources */ = {isa = PBXBuildFile; fileRef = 2E1CBDCF2B83B9DF00784684 /* Assets.xcassets */; };
		2E1CBDD32B83B9DF00784684 /* Preview Assets.xcassets in Resources */ = {isa = PBXBuildFile; fileRef = 2E1CBDD22B83B9DF00784684 /* Preview Assets.xcassets */; };
		2E1CBDDB2B83CA9E00784684 /* FirebaseAuth in Frameworks */ = {isa = PBXBuildFile; productRef = 2E1CBDDA2B83CA9E00784684 /* FirebaseAuth */; };
		2E1CBDDD2B83CA9E00784684 /* FirebaseFirestore in Frameworks */ = {isa = PBXBuildFile; productRef = 2E1CBDDC2B83CA9E00784684 /* FirebaseFirestore */; };
		2E1CBDDF2B83CA9E00784684 /* FirebaseFirestoreSwift in Frameworks */ = {isa = PBXBuildFile; productRef = 2E1CBDDE2B83CA9E00784684 /* FirebaseFirestoreSwift */; };
		2E1CBDE12B83CC5E00784684 /* GoogleService-Info.plist in Resources */ = {isa = PBXBuildFile; fileRef = 2E1CBDE02B83CC5E00784684 /* GoogleService-Info.plist */; };
		2E1CBDED2B83D02F00784684 /* ProfileView.swift in Sources */ = {isa = PBXBuildFile; fileRef = 2E1CBDEC2B83D02F00784684 /* ProfileView.swift */; };
		2E1CBDEF2B83D04C00784684 /* ToDoListView.swift in Sources */ = {isa = PBXBuildFile; fileRef = 2E1CBDEE2B83D04C00784684 /* ToDoListView.swift */; };
		2E1CBDF12B83D06A00784684 /* NewItemView.swift in Sources */ = {isa = PBXBuildFile; fileRef = 2E1CBDF02B83D06A00784684 /* NewItemView.swift */; };
		2E1CBDF32B83D09200784684 /* LoginView.swift in Sources */ = {isa = PBXBuildFile; fileRef = 2E1CBDF22B83D09200784684 /* LoginView.swift */; };
		2E1CBDF52B83D09C00784684 /* RegisterView.swift in Sources */ = {isa = PBXBuildFile; fileRef = 2E1CBDF42B83D09C00784684 /* RegisterView.swift */; };
		2E1CBDF72B83D10400784684 /* ToDoListItemView.swift in Sources */ = {isa = PBXBuildFile; fileRef = 2E1CBDF62B83D10400784684 /* ToDoListItemView.swift */; };
		2E1CBDF92B83D14500784684 /* User.swift in Sources */ = {isa = PBXBuildFile; fileRef = 2E1CBDF82B83D14500784684 /* User.swift */; };
		2E1CBDFB2B83D14F00784684 /* ToDoListItem.swift in Sources */ = {isa = PBXBuildFile; fileRef = 2E1CBDFA2B83D14F00784684 /* ToDoListItem.swift */; };
		2E1CBDFD2B83D18700784684 /* MainViewViewModel.swift in Sources */ = {isa = PBXBuildFile; fileRef = 2E1CBDFC2B83D18700784684 /* MainViewViewModel.swift */; };
		2E1CBDFF2B83D1B000784684 /* ProfileViewViewModel.swift in Sources */ = {isa = PBXBuildFile; fileRef = 2E1CBDFE2B83D1B000784684 /* ProfileViewViewModel.swift */; };
		2E1CBE012B83D1C900784684 /* ToDoListViewViewModel.swift in Sources */ = {isa = PBXBuildFile; fileRef = 2E1CBE002B83D1C900784684 /* ToDoListViewViewModel.swift */; };
		2E1CBE032B83D21400784684 /* LoginViewViewModel.swift in Sources */ = {isa = PBXBuildFile; fileRef = 2E1CBE022B83D21400784684 /* LoginViewViewModel.swift */; };
		2E1CBE052B83D21E00784684 /* RegisterViewViewModel.swift in Sources */ = {isa = PBXBuildFile; fileRef = 2E1CBE042B83D21E00784684 /* RegisterViewViewModel.swift */; };
		2E1CBE072B83D23600784684 /* ToDoListItemViewViewModel.swift in Sources */ = {isa = PBXBuildFile; fileRef = 2E1CBE062B83D23600784684 /* ToDoListItemViewViewModel.swift */; };
		2E1CBE092B8458E900784684 /* HeaderView.swift in Sources */ = {isa = PBXBuildFile; fileRef = 2E1CBE082B8458E900784684 /* HeaderView.swift */; };
		2E1CBE0B2B84752A00784684 /* TLButton.swift in Sources */ = {isa = PBXBuildFile; fileRef = 2E1CBE0A2B84752A00784684 /* TLButton.swift */; };
		2E1CBE0D2B8492B000784684 /* Extensions.swift in Sources */ = {isa = PBXBuildFile; fileRef = 2E1CBE0C2B8492AF00784684 /* Extensions.swift */; };
		2E1CBE0F2B84BF4500784684 /* NewItemViewViewModel.swift in Sources */ = {isa = PBXBuildFile; fileRef = 2E1CBE0E2B84BF4500784684 /* NewItemViewViewModel.swift */; };
/* End PBXBuildFile section */

/* Begin PBXFileReference section */
		2E1CBDC82B83B9DE00784684 /* ToDoList.app */ = {isa = PBXFileReference; explicitFileType = wrapper.application; includeInIndex = 0; path = ToDoList.app; sourceTree = BUILT_PRODUCTS_DIR; };
		2E1CBDCB2B83B9DE00784684 /* ToDoListApp.swift */ = {isa = PBXFileReference; lastKnownFileType = sourcecode.swift; path = ToDoListApp.swift; sourceTree = "<group>"; };
		2E1CBDCD2B83B9DE00784684 /* MainView.swift */ = {isa = PBXFileReference; lastKnownFileType = sourcecode.swift; path = MainView.swift; sourceTree = "<group>"; };
		2E1CBDCF2B83B9DF00784684 /* Assets.xcassets */ = {isa = PBXFileReference; lastKnownFileType = folder.assetcatalog; path = Assets.xcassets; sourceTree = "<group>"; };
		2E1CBDD22B83B9DF00784684 /* Preview Assets.xcassets */ = {isa = PBXFileReference; lastKnownFileType = folder.assetcatalog; path = "Preview Assets.xcassets"; sourceTree = "<group>"; };
		2E1CBDE02B83CC5E00784684 /* GoogleService-Info.plist */ = {isa = PBXFileReference; fileEncoding = 4; lastKnownFileType = text.plist.xml; path = "GoogleService-Info.plist"; sourceTree = "<group>"; };
		2E1CBDEC2B83D02F00784684 /* ProfileView.swift */ = {isa = PBXFileReference; lastKnownFileType = sourcecode.swift; path = ProfileView.swift; sourceTree = "<group>"; };
		2E1CBDEE2B83D04C00784684 /* ToDoListView.swift */ = {isa = PBXFileReference; lastKnownFileType = sourcecode.swift; path = ToDoListView.swift; sourceTree = "<group>"; };
		2E1CBDF02B83D06A00784684 /* NewItemView.swift */ = {isa = PBXFileReference; lastKnownFileType = sourcecode.swift; path = NewItemView.swift; sourceTree = "<group>"; };
		2E1CBDF22B83D09200784684 /* LoginView.swift */ = {isa = PBXFileReference; lastKnownFileType = sourcecode.swift; path = LoginView.swift; sourceTree = "<group>"; };
		2E1CBDF42B83D09C00784684 /* RegisterView.swift */ = {isa = PBXFileReference; lastKnownFileType = sourcecode.swift; path = RegisterView.swift; sourceTree = "<group>"; };
		2E1CBDF62B83D10400784684 /* ToDoListItemView.swift */ = {isa = PBXFileReference; lastKnownFileType = sourcecode.swift; path = ToDoListItemView.swift; sourceTree = "<group>"; };
		2E1CBDF82B83D14500784684 /* User.swift */ = {isa = PBXFileReference; lastKnownFileType = sourcecode.swift; path = User.swift; sourceTree = "<group>"; };
		2E1CBDFA2B83D14F00784684 /* ToDoListItem.swift */ = {isa = PBXFileReference; lastKnownFileType = sourcecode.swift; path = ToDoListItem.swift; sourceTree = "<group>"; };
		2E1CBDFC2B83D18700784684 /* MainViewViewModel.swift */ = {isa = PBXFileReference; lastKnownFileType = sourcecode.swift; path = MainViewViewModel.swift; sourceTree = "<group>"; };
		2E1CBDFE2B83D1B000784684 /* ProfileViewViewModel.swift */ = {isa = PBXFileReference; lastKnownFileType = sourcecode.swift; path = ProfileViewViewModel.swift; sourceTree = "<group>"; };
		2E1CBE002B83D1C900784684 /* ToDoListViewViewModel.swift */ = {isa = PBXFileReference; lastKnownFileType = sourcecode.swift; path = ToDoListViewViewModel.swift; sourceTree = "<group>"; };
		2E1CBE022B83D21400784684 /* LoginViewViewModel.swift */ = {isa = PBXFileReference; lastKnownFileType = sourcecode.swift; path = LoginViewViewModel.swift; sourceTree = "<group>"; };
		2E1CBE042B83D21E00784684 /* RegisterViewViewModel.swift */ = {isa = PBXFileReference; lastKnownFileType = sourcecode.swift; path = RegisterViewViewModel.swift; sourceTree = "<group>"; };
		2E1CBE062B83D23600784684 /* ToDoListItemViewViewModel.swift */ = {isa = PBXFileReference; lastKnownFileType = sourcecode.swift; path = ToDoListItemViewViewModel.swift; sourceTree = "<group>"; };
		2E1CBE082B8458E900784684 /* HeaderView.swift */ = {isa = PBXFileReference; lastKnownFileType = sourcecode.swift; path = HeaderView.swift; sourceTree = "<group>"; };
		2E1CBE0A2B84752A00784684 /* TLButton.swift */ = {isa = PBXFileReference; lastKnownFileType = sourcecode.swift; path = TLButton.swift; sourceTree = "<group>"; };
		2E1CBE0C2B8492AF00784684 /* Extensions.swift */ = {isa = PBXFileReference; lastKnownFileType = sourcecode.swift; path = Extensions.swift; sourceTree = "<group>"; };
		2E1CBE0E2B84BF4500784684 /* NewItemViewViewModel.swift */ = {isa = PBXFileReference; lastKnownFileType = sourcecode.swift; path = NewItemViewViewModel.swift; sourceTree = "<group>"; };
/* End PBXFileReference section */

/* Begin PBXFrameworksBuildPhase section */
		2E1CBDC52B83B9DE00784684 /* Frameworks */ = {
			isa = PBXFrameworksBuildPhase;
			buildActionMask = 2147483647;
			files = (
				2E1CBDDB2B83CA9E00784684 /* FirebaseAuth in Frameworks */,
				2E1CBDDD2B83CA9E00784684 /* FirebaseFirestore in Frameworks */,
				2E1CBDDF2B83CA9E00784684 /* FirebaseFirestoreSwift in Frameworks */,
			);
			runOnlyForDeploymentPostprocessing = 0;
		};
/* End PBXFrameworksBuildPhase section */

/* Begin PBXGroup section */
		2E1CBDBF2B83B9DE00784684 = {
			isa = PBXGroup;
			children = (
				2E1CBDCA2B83B9DE00784684 /* ToDoList */,
				2E1CBDC92B83B9DE00784684 /* Products */,
			);
			sourceTree = "<group>";
		};
		2E1CBDC92B83B9DE00784684 /* Products */ = {
			isa = PBXGroup;
			children = (
				2E1CBDC82B83B9DE00784684 /* ToDoList.app */,
			);
			name = Products;
			sourceTree = "<group>";
		};
		2E1CBDCA2B83B9DE00784684 /* ToDoList */ = {
			isa = PBXGroup;
			children = (
				2E1CBDE52B83CE9800784684 /* Other */,
				2E1CBDE42B83CE8400784684 /* Models */,
				2E1CBDE32B83CE6E00784684 /* ViewModels */,
				2E1CBDE22B83CE5A00784684 /* Views */,
				2E1CBDD12B83B9DF00784684 /* Preview Content */,
			);
			path = ToDoList;
			sourceTree = "<group>";
		};
		2E1CBDD12B83B9DF00784684 /* Preview Content */ = {
			isa = PBXGroup;
			children = (
				2E1CBDD22B83B9DF00784684 /* Preview Assets.xcassets */,
			);
			path = "Preview Content";
			sourceTree = "<group>";
		};
		2E1CBDE22B83CE5A00784684 /* Views */ = {
			isa = PBXGroup;
			children = (
				2E1CBDCD2B83B9DE00784684 /* MainView.swift */,
				2E1CBDF22B83D09200784684 /* LoginView.swift */,
				2E1CBDEC2B83D02F00784684 /* ProfileView.swift */,
				2E1CBDEE2B83D04C00784684 /* ToDoListView.swift */,
				2E1CBDF02B83D06A00784684 /* NewItemView.swift */,
				2E1CBDF42B83D09C00784684 /* RegisterView.swift */,
				2E1CBDF62B83D10400784684 /* ToDoListItemView.swift */,
				2E1CBE082B8458E900784684 /* HeaderView.swift */,
				2E1CBE0A2B84752A00784684 /* TLButton.swift */,
			);
			path = Views;
			sourceTree = "<group>";
		};
		2E1CBDE32B83CE6E00784684 /* ViewModels */ = {
			isa = PBXGroup;
			children = (
				2E1CBDFC2B83D18700784684 /* MainViewViewModel.swift */,
				2E1CBE022B83D21400784684 /* LoginViewViewModel.swift */,
				2E1CBDFE2B83D1B000784684 /* ProfileViewViewModel.swift */,
				2E1CBE0E2B84BF4500784684 /* NewItemViewViewModel.swift */,
				2E1CBE042B83D21E00784684 /* RegisterViewViewModel.swift */,
				2E1CBE002B83D1C900784684 /* ToDoListViewViewModel.swift */,
				2E1CBE062B83D23600784684 /* ToDoListItemViewViewModel.swift */,
			);
			path = ViewModels;
			sourceTree = "<group>";
		};
		2E1CBDE42B83CE8400784684 /* Models */ = {
			isa = PBXGroup;
			children = (
				2E1CBDF82B83D14500784684 /* User.swift */,
				2E1CBDFA2B83D14F00784684 /* ToDoListItem.swift */,
			);
			path = Models;
			sourceTree = "<group>";
		};
		2E1CBDE52B83CE9800784684 /* Other */ = {
			isa = PBXGroup;
			children = (
				2E1CBDE02B83CC5E00784684 /* GoogleService-Info.plist */,
				2E1CBDCF2B83B9DF00784684 /* Assets.xcassets */,
				2E1CBDCB2B83B9DE00784684 /* ToDoListApp.swift */,
				2E1CBE0C2B8492AF00784684 /* Extensions.swift */,
			);
			path = Other;
			sourceTree = "<group>";
		};
/* End PBXGroup section */

/* Begin PBXNativeTarget section */
		2E1CBDC72B83B9DE00784684 /* ToDoList */ = {
			isa = PBXNativeTarget;
			buildConfigurationList = 2E1CBDD62B83B9DF00784684 /* Build configuration list for PBXNativeTarget "ToDoList" */;
			buildPhases = (
				2E1CBDC42B83B9DE00784684 /* Sources */,
				2E1CBDC52B83B9DE00784684 /* Frameworks */,
				2E1CBDC62B83B9DE00784684 /* Resources */,
			);
			buildRules = (
			);
			dependencies = (
			);
			name = ToDoList;
			packageProductDependencies = (
				2E1CBDDA2B83CA9E00784684 /* FirebaseAuth */,
				2E1CBDDC2B83CA9E00784684 /* FirebaseFirestore */,
				2E1CBDDE2B83CA9E00784684 /* FirebaseFirestoreSwift */,
			);
			productName = ToDoList;
			productReference = 2E1CBDC82B83B9DE00784684 /* ToDoList.app */;
			productType = "com.apple.product-type.application";
		};
/* End PBXNativeTarget section */

/* Begin PBXProject section */
		2E1CBDC02B83B9DE00784684 /* Project object */ = {
			isa = PBXProject;
			attributes = {
				BuildIndependentTargetsInParallel = 1;
				LastSwiftUpdateCheck = 1400;
				LastUpgradeCheck = 1400;
				TargetAttributes = {
					2E1CBDC72B83B9DE00784684 = {
						CreatedOnToolsVersion = 14.0.1;
					};
				};
			};
			buildConfigurationList = 2E1CBDC32B83B9DE00784684 /* Build configuration list for PBXProject "ToDoList" */;
			compatibilityVersion = "Xcode 14.0";
			developmentRegion = en;
			hasScannedForEncodings = 0;
			knownRegions = (
				en,
				Base,
			);
			mainGroup = 2E1CBDBF2B83B9DE00784684;
			packageReferences = (
				2E1CBDD92B83CA9D00784684 /* XCRemoteSwiftPackageReference "firebase-ios-sdk" */,
			);
			productRefGroup = 2E1CBDC92B83B9DE00784684 /* Products */;
			projectDirPath = "";
			projectRoot = "";
			targets = (
				2E1CBDC72B83B9DE00784684 /* ToDoList */,
			);
		};
/* End PBXProject section */

/* Begin PBXResourcesBuildPhase section */
		2E1CBDC62B83B9DE00784684 /* Resources */ = {
			isa = PBXResourcesBuildPhase;
			buildActionMask = 2147483647;
			files = (
				2E1CBDD32B83B9DF00784684 /* Preview Assets.xcassets in Resources */,
				2E1CBDD02B83B9DF00784684 /* Assets.xcassets in Resources */,
				2E1CBDE12B83CC5E00784684 /* GoogleService-Info.plist in Resources */,
			);
			runOnlyForDeploymentPostprocessing = 0;
		};
/* End PBXResourcesBuildPhase section */

/* Begin PBXSourcesBuildPhase section */
		2E1CBDC42B83B9DE00784684 /* Sources */ = {
			isa = PBXSourcesBuildPhase;
			buildActionMask = 2147483647;
			files = (
				2E1CBDF32B83D09200784684 /* LoginView.swift in Sources */,
				2E1CBE0B2B84752A00784684 /* TLButton.swift in Sources */,
				2E1CBE032B83D21400784684 /* LoginViewViewModel.swift in Sources */,
				2E1CBE072B83D23600784684 /* ToDoListItemViewViewModel.swift in Sources */,
				2E1CBDCE2B83B9DE00784684 /* MainView.swift in Sources */,
				2E1CBDFD2B83D18700784684 /* MainViewViewModel.swift in Sources */,
				2E1CBDEF2B83D04C00784684 /* ToDoListView.swift in Sources */,
				2E1CBE0D2B8492B000784684 /* Extensions.swift in Sources */,
				2E1CBE092B8458E900784684 /* HeaderView.swift in Sources */,
				2E1CBE052B83D21E00784684 /* RegisterViewViewModel.swift in Sources */,
				2E1CBDED2B83D02F00784684 /* ProfileView.swift in Sources */,
				2E1CBDFF2B83D1B000784684 /* ProfileViewViewModel.swift in Sources */,
				2E1CBDF52B83D09C00784684 /* RegisterView.swift in Sources */,
				2E1CBDF92B83D14500784684 /* User.swift in Sources */,
				2E1CBDF72B83D10400784684 /* ToDoListItemView.swift in Sources */,
				2E1CBE012B83D1C900784684 /* ToDoListViewViewModel.swift in Sources */,
				2E1CBDCC2B83B9DE00784684 /* ToDoListApp.swift in Sources */,
				2E1CBE0F2B84BF4500784684 /* NewItemViewViewModel.swift in Sources */,
				2E1CBDFB2B83D14F00784684 /* ToDoListItem.swift in Sources */,
				2E1CBDF12B83D06A00784684 /* NewItemView.swift in Sources */,
			);
			runOnlyForDeploymentPostprocessing = 0;
		};
/* End PBXSourcesBuildPhase section */

/* Begin XCBuildConfiguration section */
		2E1CBDD42B83B9DF00784684 /* Debug */ = {
			isa = XCBuildConfiguration;
			buildSettings = {
				ALWAYS_SEARCH_USER_PATHS = NO;
				CLANG_ANALYZER_NONNULL = YES;
				CLANG_ANALYZER_NUMBER_OBJECT_CONVERSION = YES_AGGRESSIVE;
				CLANG_CXX_LANGUAGE_STANDARD = "gnu++20";
				CLANG_ENABLE_MODULES = YES;
				CLANG_ENABLE_OBJC_ARC = YES;
				CLANG_ENABLE_OBJC_WEAK = YES;
				CLANG_WARN_BLOCK_CAPTURE_AUTORELEASING = YES;
				CLANG_WARN_BOOL_CONVERSION = YES;
				CLANG_WARN_COMMA = YES;
				CLANG_WARN_CONSTANT_CONVERSION = YES;
				CLANG_WARN_DEPRECATED_OBJC_IMPLEMENTATIONS = YES;
				CLANG_WARN_DIRECT_OBJC_ISA_USAGE = YES_ERROR;
				CLANG_WARN_DOCUMENTATION_COMMENTS = YES;
				CLANG_WARN_EMPTY_BODY = YES;
				CLANG_WARN_ENUM_CONVERSION = YES;
				CLANG_WARN_INFINITE_RECURSION = YES;
				CLANG_WARN_INT_CONVERSION = YES;
				CLANG_WARN_NON_LITERAL_NULL_CONVERSION = YES;
				CLANG_WARN_OBJC_IMPLICIT_RETAIN_SELF = YES;
				CLANG_WARN_OBJC_LITERAL_CONVERSION = YES;
				CLANG_WARN_OBJC_ROOT_CLASS = YES_ERROR;
				CLANG_WARN_QUOTED_INCLUDE_IN_FRAMEWORK_HEADER = YES;
				CLANG_WARN_RANGE_LOOP_ANALYSIS = YES;
				CLANG_WARN_STRICT_PROTOTYPES = YES;
				CLANG_WARN_SUSPICIOUS_MOVE = YES;
				CLANG_WARN_UNGUARDED_AVAILABILITY = YES_AGGRESSIVE;
				CLANG_WARN_UNREACHABLE_CODE = YES;
				CLANG_WARN__DUPLICATE_METHOD_MATCH = YES;
				COPY_PHASE_STRIP = NO;
				DEBUG_INFORMATION_FORMAT = dwarf;
				ENABLE_STRICT_OBJC_MSGSEND = YES;
				ENABLE_TESTABILITY = YES;
				GCC_C_LANGUAGE_STANDARD = gnu11;
				GCC_DYNAMIC_NO_PIC = NO;
				GCC_NO_COMMON_BLOCKS = YES;
				GCC_OPTIMIZATION_LEVEL = 0;
				GCC_PREPROCESSOR_DEFINITIONS = (
					"DEBUG=1",
					"$(inherited)",
				);
				GCC_WARN_64_TO_32_BIT_CONVERSION = YES;
				GCC_WARN_ABOUT_RETURN_TYPE = YES_ERROR;
				GCC_WARN_UNDECLARED_SELECTOR = YES;
				GCC_WARN_UNINITIALIZED_AUTOS = YES_AGGRESSIVE;
				GCC_WARN_UNUSED_FUNCTION = YES;
				GCC_WARN_UNUSED_VARIABLE = YES;
				IPHONEOS_DEPLOYMENT_TARGET = 16.0;
				MTL_ENABLE_DEBUG_INFO = INCLUDE_SOURCE;
				MTL_FAST_MATH = YES;
				ONLY_ACTIVE_ARCH = YES;
				SDKROOT = iphoneos;
				SWIFT_ACTIVE_COMPILATION_CONDITIONS = DEBUG;
				SWIFT_OPTIMIZATION_LEVEL = "-Onone";
			};
			name = Debug;
		};
		2E1CBDD52B83B9DF00784684 /* Release */ = {
			isa = XCBuildConfiguration;
			buildSettings = {
				ALWAYS_SEARCH_USER_PATHS = NO;
				CLANG_ANALYZER_NONNULL = YES;
				CLANG_ANALYZER_NUMBER_OBJECT_CONVERSION = YES_AGGRESSIVE;
				CLANG_CXX_LANGUAGE_STANDARD = "gnu++20";
				CLANG_ENABLE_MODULES = YES;
				CLANG_ENABLE_OBJC_ARC = YES;
				CLANG_ENABLE_OBJC_WEAK = YES;
				CLANG_WARN_BLOCK_CAPTURE_AUTORELEASING = YES;
				CLANG_WARN_BOOL_CONVERSION = YES;
				CLANG_WARN_COMMA = YES;
				CLANG_WARN_CONSTANT_CONVERSION = YES;
				CLANG_WARN_DEPRECATED_OBJC_IMPLEMENTATIONS = YES;
				CLANG_WARN_DIRECT_OBJC_ISA_USAGE = YES_ERROR;
				CLANG_WARN_DOCUMENTATION_COMMENTS = YES;
				CLANG_WARN_EMPTY_BODY = YES;
				CLANG_WARN_ENUM_CONVERSION = YES;
				CLANG_WARN_INFINITE_RECURSION = YES;
				CLANG_WARN_INT_CONVERSION = YES;
				CLANG_WARN_NON_LITERAL_NULL_CONVERSION = YES;
				CLANG_WARN_OBJC_IMPLICIT_RETAIN_SELF = YES;
				CLANG_WARN_OBJC_LITERAL_CONVERSION = YES;
				CLANG_WARN_OBJC_ROOT_CLASS = YES_ERROR;
				CLANG_WARN_QUOTED_INCLUDE_IN_FRAMEWORK_HEADER = YES;
				CLANG_WARN_RANGE_LOOP_ANALYSIS = YES;
				CLANG_WARN_STRICT_PROTOTYPES = YES;
				CLANG_WARN_SUSPICIOUS_MOVE = YES;
				CLANG_WARN_UNGUARDED_AVAILABILITY = YES_AGGRESSIVE;
				CLANG_WARN_UNREACHABLE_CODE = YES;
				CLANG_WARN__DUPLICATE_METHOD_MATCH = YES;
				COPY_PHASE_STRIP = NO;
				DEBUG_INFORMATION_FORMAT = "dwarf-with-dsym";
				ENABLE_NS_ASSERTIONS = NO;
				ENABLE_STRICT_OBJC_MSGSEND = YES;
				GCC_C_LANGUAGE_STANDARD = gnu11;
				GCC_NO_COMMON_BLOCKS = YES;
				GCC_WARN_64_TO_32_BIT_CONVERSION = YES;
				GCC_WARN_ABOUT_RETURN_TYPE = YES_ERROR;
				GCC_WARN_UNDECLARED_SELECTOR = YES;
				GCC_WARN_UNINITIALIZED_AUTOS = YES_AGGRESSIVE;
				GCC_WARN_UNUSED_FUNCTION = YES;
				GCC_WARN_UNUSED_VARIABLE = YES;
				IPHONEOS_DEPLOYMENT_TARGET = 16.0;
				MTL_ENABLE_DEBUG_INFO = NO;
				MTL_FAST_MATH = YES;
				SDKROOT = iphoneos;
				SWIFT_COMPILATION_MODE = wholemodule;
				SWIFT_OPTIMIZATION_LEVEL = "-O";
				VALIDATE_PRODUCT = YES;
			};
			name = Release;
		};
		2E1CBDD72B83B9DF00784684 /* Debug */ = {
			isa = XCBuildConfiguration;
			buildSettings = {
				ASSETCATALOG_COMPILER_APPICON_NAME = AppIcon;
				ASSETCATALOG_COMPILER_GLOBAL_ACCENT_COLOR_NAME = AccentColor;
				CODE_SIGN_STYLE = Automatic;
				CURRENT_PROJECT_VERSION = 1;
				DEVELOPMENT_ASSET_PATHS = "\"ToDoList/Preview Content\"";
				DEVELOPMENT_TEAM = 34Y7T7B7JW;
				ENABLE_PREVIEWS = YES;
				GENERATE_INFOPLIST_FILE = YES;
				INFOPLIST_KEY_UIApplicationSceneManifest_Generation = YES;
				INFOPLIST_KEY_UIApplicationSupportsIndirectInputEvents = YES;
				INFOPLIST_KEY_UILaunchScreen_Generation = YES;
				INFOPLIST_KEY_UISupportedInterfaceOrientations = UIInterfaceOrientationPortrait;
				LD_RUNPATH_SEARCH_PATHS = (
					"$(inherited)",
					"@executable_path/Frameworks",
				);
				MARKETING_VERSION = 1.0;
				PRODUCT_BUNDLE_IDENTIFIER = cazador.ToDoList;
				PRODUCT_NAME = "$(TARGET_NAME)";
				SWIFT_EMIT_LOC_STRINGS = YES;
				SWIFT_VERSION = 5.0;
				TARGETED_DEVICE_FAMILY = "1,2";
			};
			name = Debug;
		};
		2E1CBDD82B83B9DF00784684 /* Release */ = {
			isa = XCBuildConfiguration;
			buildSettings = {
				ASSETCATALOG_COMPILER_APPICON_NAME = AppIcon;
				ASSETCATALOG_COMPILER_GLOBAL_ACCENT_COLOR_NAME = AccentColor;
				CODE_SIGN_STYLE = Automatic;
				CURRENT_PROJECT_VERSION = 1;
				DEVELOPMENT_ASSET_PATHS = "\"ToDoList/Preview Content\"";
				DEVELOPMENT_TEAM = 34Y7T7B7JW;
				ENABLE_PREVIEWS = YES;
				GENERATE_INFOPLIST_FILE = YES;
				INFOPLIST_KEY_UIApplicationSceneManifest_Generation = YES;
				INFOPLIST_KEY_UIApplicationSupportsIndirectInputEvents = YES;
				INFOPLIST_KEY_UILaunchScreen_Generation = YES;
				INFOPLIST_KEY_UISupportedInterfaceOrientations = UIInterfaceOrientationPortrait;
				LD_RUNPATH_SEARCH_PATHS = (
					"$(inherited)",
					"@executable_path/Frameworks",
				);
				MARKETING_VERSION = 1.0;
				PRODUCT_BUNDLE_IDENTIFIER = cazador.ToDoList;
				PRODUCT_NAME = "$(TARGET_NAME)";
				SWIFT_EMIT_LOC_STRINGS = YES;
				SWIFT_VERSION = 5.0;
				TARGETED_DEVICE_FAMILY = "1,2";
			};
			name = Release;
		};
/* End XCBuildConfiguration section */

/* Begin XCConfigurationList section */
		2E1CBDC32B83B9DE00784684 /* Build configuration list for PBXProject "ToDoList" */ = {
			isa = XCConfigurationList;
			buildConfigurations = (
				2E1CBDD42B83B9DF00784684 /* Debug */,
				2E1CBDD52B83B9DF00784684 /* Release */,
			);
			defaultConfigurationIsVisible = 0;
			defaultConfigurationName = Release;
		};
		2E1CBDD62B83B9DF00784684 /* Build configuration list for PBXNativeTarget "ToDoList" */ = {
			isa = XCConfigurationList;
			buildConfigurations = (
				2E1CBDD72B83B9DF00784684 /* Debug */,
				2E1CBDD82B83B9DF00784684 /* Release */,
			);
			defaultConfigurationIsVisible = 0;
			defaultConfigurationName = Release;
		};
/* End XCConfigurationList section */

/* Begin XCRemoteSwiftPackageReference section */
		2E1CBDD92B83CA9D00784684 /* XCRemoteSwiftPackageReference "firebase-ios-sdk" */ = {
			isa = XCRemoteSwiftPackageReference;
			repositoryURL = "https://github.com/firebase/firebase-ios-sdk";
			requirement = {
				kind = upToNextMajorVersion;
				minimumVersion = 9.0.0;
			};
		};
/* End XCRemoteSwiftPackageReference section */

/* Begin XCSwiftPackageProductDependency section */
		2E1CBDDA2B83CA9E00784684 /* FirebaseAuth */ = {
			isa = XCSwiftPackageProductDependency;
			package = 2E1CBDD92B83CA9D00784684 /* XCRemoteSwiftPackageReference "firebase-ios-sdk" */;
			productName = FirebaseAuth;
		};
		2E1CBDDC2B83CA9E00784684 /* FirebaseFirestore */ = {
			isa = XCSwiftPackageProductDependency;
			package = 2E1CBDD92B83CA9D00784684 /* XCRemoteSwiftPackageReference "firebase-ios-sdk" */;
			productName = FirebaseFirestore;
		};
		2E1CBDDE2B83CA9E00784684 /* FirebaseFirestoreSwift */ = {
			isa = XCSwiftPackageProductDependency;
			package = 2E1CBDD92B83CA9D00784684 /* XCRemoteSwiftPackageReference "firebase-ios-sdk" */;
			productName = FirebaseFirestoreSwift;
		};
/* End XCSwiftPackageProductDependency section */
	};
	rootObject = 2E1CBDC02B83B9DE00784684 /* Project object */;
}
